// !$*UTF8*$!
{
	archiveVersion = 1;
	classes = {
	};
	objectVersion = 50;
	objects = {

/* Begin PBXBuildFile section */
		186B4F8822DFB80B00178C8C /* AppDelegate.swift in Sources */ = {isa = PBXBuildFile; fileRef = 186B4F8722DFB80B00178C8C /* AppDelegate.swift */; };
		186B4F8A22DFB80B00178C8C /* ViewController.swift in Sources */ = {isa = PBXBuildFile; fileRef = 186B4F8922DFB80B00178C8C /* ViewController.swift */; };
		186B4F8D22DFB80B00178C8C /* Main.storyboard in Resources */ = {isa = PBXBuildFile; fileRef = 186B4F8B22DFB80B00178C8C /* Main.storyboard */; };
		186B4F9022DFB80B00178C8C /* finalProject.xcdatamodeld in Sources */ = {isa = PBXBuildFile; fileRef = 186B4F8E22DFB80B00178C8C /* finalProject.xcdatamodeld */; };
		186B4F9222DFB80E00178C8C /* Assets.xcassets in Resources */ = {isa = PBXBuildFile; fileRef = 186B4F9122DFB80E00178C8C /* Assets.xcassets */; };
		186B4F9522DFB80E00178C8C /* LaunchScreen.storyboard in Resources */ = {isa = PBXBuildFile; fileRef = 186B4F9322DFB80E00178C8C /* LaunchScreen.storyboard */; };
		186B4F9D22DFBEA500178C8C /* CategoryViewController.swift in Sources */ = {isa = PBXBuildFile; fileRef = 186B4F9C22DFBEA500178C8C /* CategoryViewController.swift */; };
		186B4F9F22DFBEC500178C8C /* AlbumsTableViewController.swift in Sources */ = {isa = PBXBuildFile; fileRef = 186B4F9E22DFBEC500178C8C /* AlbumsTableViewController.swift */; };
		186B4FA122DFBEDF00178C8C /* ItemTableViewController.swift in Sources */ = {isa = PBXBuildFile; fileRef = 186B4FA022DFBEDF00178C8C /* ItemTableViewController.swift */; };
		18EA499122E100A5002F4BB7 /* ToDo.swift in Sources */ = {isa = PBXBuildFile; fileRef = 18EA499022E100A5002F4BB7 /* ToDo.swift */; };
/* End PBXBuildFile section */

/* Begin PBXFileReference section */
		186B4F8422DFB80B00178C8C /* finalProject.app */ = {isa = PBXFileReference; explicitFileType = wrapper.application; includeInIndex = 0; path = finalProject.app; sourceTree = BUILT_PRODUCTS_DIR; };
		186B4F8722DFB80B00178C8C /* AppDelegate.swift */ = {isa = PBXFileReference; lastKnownFileType = sourcecode.swift; path = AppDelegate.swift; sourceTree = "<group>"; };
		186B4F8922DFB80B00178C8C /* ViewController.swift */ = {isa = PBXFileReference; lastKnownFileType = sourcecode.swift; path = ViewController.swift; sourceTree = "<group>"; };
		186B4F8C22DFB80B00178C8C /* Base */ = {isa = PBXFileReference; lastKnownFileType = file.storyboard; name = Base; path = Base.lproj/Main.storyboard; sourceTree = "<group>"; };
		186B4F8F22DFB80B00178C8C /* finalProject.xcdatamodel */ = {isa = PBXFileReference; lastKnownFileType = wrapper.xcdatamodel; path = finalProject.xcdatamodel; sourceTree = "<group>"; };
		186B4F9122DFB80E00178C8C /* Assets.xcassets */ = {isa = PBXFileReference; lastKnownFileType = folder.assetcatalog; path = Assets.xcassets; sourceTree = "<group>"; };
		186B4F9422DFB80E00178C8C /* Base */ = {isa = PBXFileReference; lastKnownFileType = file.storyboard; name = Base; path = Base.lproj/LaunchScreen.storyboard; sourceTree = "<group>"; };
		186B4F9622DFB80E00178C8C /* Info.plist */ = {isa = PBXFileReference; lastKnownFileType = text.plist.xml; path = Info.plist; sourceTree = "<group>"; };
		186B4F9C22DFBEA500178C8C /* CategoryViewController.swift */ = {isa = PBXFileReference; lastKnownFileType = sourcecode.swift; path = CategoryViewController.swift; sourceTree = "<group>"; };
		186B4F9E22DFBEC500178C8C /* AlbumsTableViewController.swift */ = {isa = PBXFileReference; lastKnownFileType = sourcecode.swift; path = AlbumsTableViewController.swift; sourceTree = "<group>"; };
		186B4FA022DFBEDF00178C8C /* ItemTableViewController.swift */ = {isa = PBXFileReference; lastKnownFileType = sourcecode.swift; path = ItemTableViewController.swift; sourceTree = "<group>"; };
		18EA499022E100A5002F4BB7 /* ToDo.swift */ = {isa = PBXFileReference; fileEncoding = 4; lastKnownFileType = sourcecode.swift; path = ToDo.swift; sourceTree = "<group>"; };
/* End PBXFileReference section */

/* Begin PBXFrameworksBuildPhase section */
		186B4F8122DFB80B00178C8C /* Frameworks */ = {
			isa = PBXFrameworksBuildPhase;
			buildActionMask = 2147483647;
			files = (
			);
			runOnlyForDeploymentPostprocessing = 0;
		};
/* End PBXFrameworksBuildPhase section */

/* Begin PBXGroup section */
		186B4F7B22DFB80B00178C8C = {
			isa = PBXGroup;
			children = (
				186B4F8622DFB80B00178C8C /* finalProject */,
				186B4F8522DFB80B00178C8C /* Products */,
			);
			sourceTree = "<group>";
		};
		186B4F8522DFB80B00178C8C /* Products */ = {
			isa = PBXGroup;
			children = (
				186B4F8422DFB80B00178C8C /* finalProject.app */,
			);
			name = Products;
			sourceTree = "<group>";
		};
		186B4F8622DFB80B00178C8C /* finalProject */ = {
			isa = PBXGroup;
			children = (
				186B4F8722DFB80B00178C8C /* AppDelegate.swift */,
				186B4F8922DFB80B00178C8C /* ViewController.swift */,
				186B4F8B22DFB80B00178C8C /* Main.storyboard */,
				186B4FA022DFBEDF00178C8C /* ItemTableViewController.swift */,
				186B4F9E22DFBEC500178C8C /* AlbumsTableViewController.swift */,
				186B4F9122DFB80E00178C8C /* Assets.xcassets */,
				186B4F9322DFB80E00178C8C /* LaunchScreen.storyboard */,
				186B4F9C22DFBEA500178C8C /* CategoryViewController.swift */,
				186B4F9622DFB80E00178C8C /* Info.plist */,
				186B4F8E22DFB80B00178C8C /* finalProject.xcdatamodeld */,
				18EA499022E100A5002F4BB7 /* ToDo.swift */,
			);
			path = finalProject;
			sourceTree = "<group>";
		};
/* End PBXGroup section */

/* Begin PBXNativeTarget section */
		186B4F8322DFB80B00178C8C /* finalProject */ = {
			isa = PBXNativeTarget;
			buildConfigurationList = 186B4F9922DFB80E00178C8C /* Build configuration list for PBXNativeTarget "finalProject" */;
			buildPhases = (
				186B4F8022DFB80B00178C8C /* Sources */,
				186B4F8122DFB80B00178C8C /* Frameworks */,
				186B4F8222DFB80B00178C8C /* Resources */,
			);
			buildRules = (
			);
			dependencies = (
			);
			name = finalProject;
			productName = finalProject;
			productReference = 186B4F8422DFB80B00178C8C /* finalProject.app */;
			productType = "com.apple.product-type.application";
		};
/* End PBXNativeTarget section */

/* Begin PBXProject section */
		186B4F7C22DFB80B00178C8C /* Project object */ = {
			isa = PBXProject;
			attributes = {
				LastSwiftUpdateCheck = 1020;
				LastUpgradeCheck = 1020;
				ORGANIZATIONNAME = Apple;
				TargetAttributes = {
					186B4F8322DFB80B00178C8C = {
						CreatedOnToolsVersion = 10.2.1;
					};
				};
			};
			buildConfigurationList = 186B4F7F22DFB80B00178C8C /* Build configuration list for PBXProject "finalProject" */;
			compatibilityVersion = "Xcode 9.3";
			developmentRegion = en;
			hasScannedForEncodings = 0;
			knownRegions = (
				en,
				Base,
			);
			mainGroup = 186B4F7B22DFB80B00178C8C;
			productRefGroup = 186B4F8522DFB80B00178C8C /* Products */;
			projectDirPath = "";
			projectRoot = "";
			targets = (
				186B4F8322DFB80B00178C8C /* finalProject */,
			);
		};
/* End PBXProject section */

/* Begin PBXResourcesBuildPhase section */
		186B4F8222DFB80B00178C8C /* Resources */ = {
			isa = PBXResourcesBuildPhase;
			buildActionMask = 2147483647;
			files = (
				186B4F9522DFB80E00178C8C /* LaunchScreen.storyboard in Resources */,
				186B4F9222DFB80E00178C8C /* Assets.xcassets in Resources */,
				186B4F8D22DFB80B00178C8C /* Main.storyboard in Resources */,
			);
			runOnlyForDeploymentPostprocessing = 0;
		};
/* End PBXResourcesBuildPhase section */

/* Begin PBXSourcesBuildPhase section */
		186B4F8022DFB80B00178C8C /* Sources */ = {
			isa = PBXSourcesBuildPhase;
			buildActionMask = 2147483647;
			files = (
				186B4F9D22DFBEA500178C8C /* CategoryViewController.swift in Sources */,
				186B4F8A22DFB80B00178C8C /* ViewController.swift in Sources */,
				186B4F9022DFB80B00178C8C /* finalProject.xcdatamodeld in Sources */,
				18EA499122E100A5002F4BB7 /* ToDo.swift in Sources */,
				186B4F8822DFB80B00178C8C /* AppDelegate.swift in Sources */,
				186B4FA122DFBEDF00178C8C /* ItemTableViewController.swift in Sources */,
				186B4F9F22DFBEC500178C8C /* AlbumsTableViewController.swift in Sources */,
			);
			runOnlyForDeploymentPostprocessing = 0;
		};
/* End PBXSourcesBuildPhase section */

/* Begin PBXVariantGroup section */
		186B4F8B22DFB80B00178C8C /* Main.storyboard */ = {
			isa = PBXVariantGroup;
			children = (
				186B4F8C22DFB80B00178C8C /* Base */,
			);
			name = Main.storyboard;
			sourceTree = "<group>";
		};
		186B4F9322DFB80E00178C8C /* LaunchScreen.storyboard */ = {
			isa = PBXVariantGroup;
			children = (
				186B4F9422DFB80E00178C8C /* Base */,
			);
			name = LaunchScreen.storyboard;
			sourceTree = "<group>";
		};
/* End PBXVariantGroup section */

/* Begin XCBuildConfiguration section */
		186B4F9722DFB80E00178C8C /* Debug */ = {
			isa = XCBuildConfiguration;
			buildSettings = {
				ALWAYS_SEARCH_USER_PATHS = NO;
				CLANG_ANALYZER_NONNULL = YES;
				CLANG_ANALYZER_NUMBER_OBJECT_CONVERSION = YES_AGGRESSIVE;
				CLANG_CXX_LANGUAGE_STANDARD = "gnu++14";
				CLANG_CXX_LIBRARY = "libc++";
				CLANG_ENABLE_MODULES = YES;
				CLANG_ENABLE_OBJC_ARC = YES;
				CLANG_ENABLE_OBJC_WEAK = YES;
				CLANG_WARN_BLOCK_CAPTURE_AUTORELEASING = YES;
				CLANG_WARN_BOOL_CONVERSION = YES;
				CLANG_WARN_COMMA = YES;
				CLANG_WARN_CONSTANT_CONVERSION = YES;
				CLANG_WARN_DEPRECATED_OBJC_IMPLEMENTATIONS = YES;
				CLANG_WARN_DIRECT_OBJC_ISA_USAGE = YES_ERROR;
				CLANG_WARN_DOCUMENTATION_COMMENTS = YES;
				CLANG_WARN_EMPTY_BODY = YES;
				CLANG_WARN_ENUM_CONVERSION = YES;
				CLANG_WARN_INFINITE_RECURSION = YES;
				CLANG_WARN_INT_CONVERSION = YES;
				CLANG_WARN_NON_LITERAL_NULL_CONVERSION = YES;
				CLANG_WARN_OBJC_IMPLICIT_RETAIN_SELF = YES;
				CLANG_WARN_OBJC_LITERAL_CONVERSION = YES;
				CLANG_WARN_OBJC_ROOT_CLASS = YES_ERROR;
				CLANG_WARN_RANGE_LOOP_ANALYSIS = YES;
				CLANG_WARN_STRICT_PROTOTYPES = YES;
				CLANG_WARN_SUSPICIOUS_MOVE = YES;
				CLANG_WARN_UNGUARDED_AVAILABILITY = YES_AGGRESSIVE;
				CLANG_WARN_UNREACHABLE_CODE = YES;
				CLANG_WARN__DUPLICATE_METHOD_MATCH = YES;
				CODE_SIGN_IDENTITY = "iPhone Developer";
				COPY_PHASE_STRIP = NO;
				DEBUG_INFORMATION_FORMAT = dwarf;
				ENABLE_STRICT_OBJC_MSGSEND = YES;
				ENABLE_TESTABILITY = YES;
				GCC_C_LANGUAGE_STANDARD = gnu11;
				GCC_DYNAMIC_NO_PIC = NO;
				GCC_NO_COMMON_BLOCKS = YES;
				GCC_OPTIMIZATION_LEVEL = 0;
				GCC_PREPROCESSOR_DEFINITIONS = (
					"DEBUG=1",
					"$(inherited)",
				);
				GCC_WARN_64_TO_32_BIT_CONVERSION = YES;
				GCC_WARN_ABOUT_RETURN_TYPE = YES_ERROR;
				GCC_WARN_UNDECLARED_SELECTOR = YES;
				GCC_WARN_UNINITIALIZED_AUTOS = YES_AGGRESSIVE;
				GCC_WARN_UNUSED_FUNCTION = YES;
				GCC_WARN_UNUSED_VARIABLE = YES;
				IPHONEOS_DEPLOYMENT_TARGET = 12.2;
				MTL_ENABLE_DEBUG_INFO = INCLUDE_SOURCE;
				MTL_FAST_MATH = YES;
				ONLY_ACTIVE_ARCH = YES;
				SDKROOT = iphoneos;
				SWIFT_ACTIVE_COMPILATION_CONDITIONS = DEBUG;
				SWIFT_OPTIMIZATION_LEVEL = "-Onone";
			};
			name = Debug;
		};
		186B4F9822DFB80E00178C8C /* Release */ = {
			isa = XCBuildConfiguration;
			buildSettings = {
				ALWAYS_SEARCH_USER_PATHS = NO;
				CLANG_ANALYZER_NONNULL = YES;
				CLANG_ANALYZER_NUMBER_OBJECT_CONVERSION = YES_AGGRESSIVE;
				CLANG_CXX_LANGUAGE_STANDARD = "gnu++14";
				CLANG_CXX_LIBRARY = "libc++";
				CLANG_ENABLE_MODULES = YES;
				CLANG_ENABLE_OBJC_ARC = YES;
				CLANG_ENABLE_OBJC_WEAK = YES;
				CLANG_WARN_BLOCK_CAPTURE_AUTORELEASING = YES;
				CLANG_WARN_BOOL_CONVERSION = YES;
				CLANG_WARN_COMMA = YES;
				CLANG_WARN_CONSTANT_CONVERSION = YES;
				CLANG_WARN_DEPRECATED_OBJC_IMPLEMENTATIONS = YES;
				CLANG_WARN_DIRECT_OBJC_ISA_USAGE = YES_ERROR;
				CLANG_WARN_DOCUMENTATION_COMMENTS = YES;
				CLANG_WARN_EMPTY_BODY = YES;
				CLANG_WARN_ENUM_CONVERSION = YES;
				CLANG_WARN_INFINITE_RECURSION = YES;
				CLANG_WARN_INT_CONVERSION = YES;
				CLANG_WARN_NON_LITERAL_NULL_CONVERSION = YES;
				CLANG_WARN_OBJC_IMPLICIT_RETAIN_SELF = YES;
				CLANG_WARN_OBJC_LITERAL_CONVERSION = YES;
				CLANG_WARN_OBJC_ROOT_CLASS = YES_ERROR;
				CLANG_WARN_RANGE_LOOP_ANALYSIS = YES;
				CLANG_WARN_STRICT_PROTOTYPES = YES;
				CLANG_WARN_SUSPICIOUS_MOVE = YES;
				CLANG_WARN_UNGUARDED_AVAILABILITY = YES_AGGRESSIVE;
				CLANG_WARN_UNREACHABLE_CODE = YES;
				CLANG_WARN__DUPLICATE_METHOD_MATCH = YES;
				CODE_SIGN_IDENTITY = "iPhone Developer";
				COPY_PHASE_STRIP = NO;
				DEBUG_INFORMATION_FORMAT = "dwarf-with-dsym";
				ENABLE_NS_ASSERTIONS = NO;
				ENABLE_STRICT_OBJC_MSGSEND = YES;
				GCC_C_LANGUAGE_STANDARD = gnu11;
				GCC_NO_COMMON_BLOCKS = YES;
				GCC_WARN_64_TO_32_BIT_CONVERSION = YES;
				GCC_WARN_ABOUT_RETURN_TYPE = YES_ERROR;
				GCC_WARN_UNDECLARED_SELECTOR = YES;
				GCC_WARN_UNINITIALIZED_AUTOS = YES_AGGRESSIVE;
				GCC_WARN_UNUSED_FUNCTION = YES;
				GCC_WARN_UNUSED_VARIABLE = YES;
				IPHONEOS_DEPLOYMENT_TARGET = 12.2;
				MTL_ENABLE_DEBUG_INFO = NO;
				MTL_FAST_MATH = YES;
				SDKROOT = iphoneos;
				SWIFT_COMPILATION_MODE = wholemodule;
				SWIFT_OPTIMIZATION_LEVEL = "-O";
				VALIDATE_PRODUCT = YES;
			};
			name = Release;
		};
		186B4F9A22DFB80E00178C8C /* Debug */ = {
			isa = XCBuildConfiguration;
			buildSettings = {
				ASSETCATALOG_COMPILER_APPICON_NAME = AppIcon;
				CODE_SIGN_STYLE = Automatic;
				DEVELOPMENT_TEAM = V94WXDA8HT;
				INFOPLIST_FILE = finalProject/Info.plist;
				LD_RUNPATH_SEARCH_PATHS = (
					"$(inherited)",
					"@executable_path/Frameworks",
				);
				PRODUCT_BUNDLE_IDENTIFIER = KWK.finalProject1235672;
				PRODUCT_NAME = "$(TARGET_NAME)";
				SWIFT_VERSION = 5.0;
				TARGETED_DEVICE_FAMILY = "1,2";
			};
			name = Debug;
		};
		186B4F9B22DFB80E00178C8C /* Release */ = {
			isa = XCBuildConfiguration;
			buildSettings = {
				ASSETCATALOG_COMPILER_APPICON_NAME = AppIcon;
				CODE_SIGN_STYLE = Automatic;
				DEVELOPMENT_TEAM = V94WXDA8HT;
				INFOPLIST_FILE = finalProject/Info.plist;
				LD_RUNPATH_SEARCH_PATHS = (
					"$(inherited)",
					"@executable_path/Frameworks",
				);
				PRODUCT_BUNDLE_IDENTIFIER = KWK.finalProject1235672;
				PRODUCT_NAME = "$(TARGET_NAME)";
				SWIFT_VERSION = 5.0;
				TARGETED_DEVICE_FAMILY = "1,2";
			};
			name = Release;
		};
/* End XCBuildConfiguration section */

/* Begin XCConfigurationList section */
		186B4F7F22DFB80B00178C8C /* Build configuration list for PBXProject "finalProject" */ = {
			isa = XCConfigurationList;
			buildConfigurations = (
				186B4F9722DFB80E00178C8C /* Debug */,
				186B4F9822DFB80E00178C8C /* Release */,
			);
			defaultConfigurationIsVisible = 0;
			defaultConfigurationName = Release;
		};
		186B4F9922DFB80E00178C8C /* Build configuration list for PBXNativeTarget "finalProject" */ = {
			isa = XCConfigurationList;
			buildConfigurations = (
				186B4F9A22DFB80E00178C8C /* Debug */,
				186B4F9B22DFB80E00178C8C /* Release */,
			);
			defaultConfigurationIsVisible = 0;
			defaultConfigurationName = Release;
		};
/* End XCConfigurationList section */

/* Begin XCVersionGroup section */
		186B4F8E22DFB80B00178C8C /* finalProject.xcdatamodeld */ = {
			isa = XCVersionGroup;
			children = (
				186B4F8F22DFB80B00178C8C /* finalProject.xcdatamodel */,
			);
			currentVersion = 186B4F8F22DFB80B00178C8C /* finalProject.xcdatamodel */;
			path = finalProject.xcdatamodeld;
			sourceTree = "<group>";
			versionGroupType = wrapper.xcdatamodel;
		};
/* End XCVersionGroup section */
	};
	rootObject = 186B4F7C22DFB80B00178C8C /* Project object */;
}
